{
  "name": "sidebar-menu-2-compostrap",
  "version": "1.0.2",
  "lockfileVersion": 1,
  "requires": true,
  "dependencies": {
    "@fortawesome/fontawesome-free": {
      "version": "5.10.2",
      "resolved": "https://registry.npmjs.org/@fortawesome/fontawesome-free/-/fontawesome-free-5.10.2.tgz",
      "integrity": "sha512-9pw+Nsnunl9unstGEHQ+u41wBEQue6XPBsILXtJF/4fNN1L3avJcMF/gGF86rIjeTAgfLjTY9ndm68/X4f4idQ=="
    },
    "bootstrap": {
      "version": "4.3.1",
      "resolved": "https://registry.npmjs.org/bootstrap/-/bootstrap-4.3.1.tgz",
      "integrity": "sha512-rXqOmH1VilAt2DyPzluTi2blhk17bO7ef+zLLPlWvG494pDxcM234pJ8wTc/6R40UWizAIIMgxjvxZg5kmsbag=="
    },
    "jquery": {
      "version": "3.4.1",
      "resolved": "https://registry.npmjs.org/jquery/-/jquery-3.4.1.tgz",
      "integrity": "sha512-36+AdBzCL+y6qjw5Tx7HgzeGCzC81MDDgaUP8ld2zhx58HdqXGoBd+tHdrBMiyjGQs0Hxs/MLZTu/eHNJJuWPw=="
    },
    "nanobar": {
      "version": "0.4.2",
      "resolved": "https://registry.npmjs.org/nanobar/-/nanobar-0.4.2.tgz",
      "integrity": "sha1-AcUS5sZi44ViaU9k5KiKJTcy9I8="
    },
    "open-sans-fontface": {
      "version": "1.4.0",
      "resolved": "https://registry.npmjs.org/open-sans-fontface/-/open-sans-fontface-1.4.0.tgz",
      "integrity": "sha1-A8xtG/XmqLW0eRCIhWL3IsXdNCg="
    },
    "perfect-scrollbar": {
      "version": "1.4.0",
      "resolved": "https://registry.npmjs.org/perfect-scrollbar/-/perfect-scrollbar-1.4.0.tgz",
      "integrity": "sha512-/2Sk/khljhdrsamjJYS5NjrH+GKEHEwh7zFSiYyxROyYKagkE4kSn2zDQDRTOMo8mpT2jikxx6yI1dG7lNP/hw=="
    },
    "popper.js": {
      "version": "1.15.0",
      "resolved": "https://registry.npmjs.org/popper.js/-/popper.js-1.15.0.tgz",
      "integrity": "sha512-w010cY1oCUmI+9KwwlWki+r5jxKfTFDVoadl7MSrIujHU5MJ5OR6HTDj6Xo8aoR/QsA56x8jKjA59qGH4ELtrA=="
    },
    "sidebar-skeleton-compostrap": {
      "version": "1.0.11",
      "resolved": "https://registry.npmjs.org/sidebar-skeleton-compostrap/-/sidebar-skeleton-compostrap-1.0.11.tgz",
      "integrity": "sha512-M3S6jnZT1y9YxtnZx8SlFOCTfGiUoCHU6O1HLaf9GhGWWp/IRHSIGtsU7+HZPn3AA6P/dFKGXafpTAF7s3IMDA==",
      "requires": {
        "bootstrap": "^4.3.1",
        "jquery": "^3.4.1",
        "popper.js": "^1.14.7"
      }
    }
  }
}
